
Microsoft Visual Studio Solution File, Format Version 12.00
# Visual Studio 15
VisualStudioVersion = 15.0.28307.1340
MinimumVisualStudioVersion = 10.0.40219.1
Project("{FAE04EC0-301F-11D3-BF4B-00C04F79EFBC}") = "Submarine Game", "Submarine Game\Submarine Game.csproj", "{0CF00072-8E6A-45B3-AC7F-50C14A2E1A99}"
EndProject
Project("{2150E333-8FDC-42A3-9474-1A3956D46DE8}") = "Solution Items", "Solution Items", "{47F58B51-8056-48AE-AFA4-26B952CACD8D}"
EndProject
Global
	GlobalSection(SolutionConfigurationPlatforms) = preSolution
		Debug|Any CPU = Debug|Any CPU
		Release|Any CPU = Release|Any CPU
	EndGlobalSection
	GlobalSection(ProjectConfigurationPlatforms) = postSolution
		{0CF00072-8E6A-45B3-AC7F-50C14A2E1A99}.Debug|Any CPU.ActiveCfg = Debug|Any CPU
		{0CF00072-8E6A-45B3-AC7F-50C14A2E1A99}.Debug|Any CPU.Build.0 = Debug|Any CPU
		{0CF00072-8E6A-45B3-AC7F-50C14A2E1A99}.Release|Any CPU.ActiveCfg = Release|Any CPU
		{0CF00072-8E6A-45B3-AC7F-50C14A2E1A99}.Release|Any CPU.Build.0 = Release|Any CPU
	EndGlobalSection
	GlobalSection(SolutionProperties) = preSolution
		HideSolutionNode = FALSE
	EndGlobalSection
	GlobalSection(ExtensibilityGlobals) = postSolution
		SolutionGuid = {502F65FD-9A9D-4217-8D62-37044C07A3CF}
	EndGlobalSection
EndGlobal
